// !$*UTF8*$!
{
	archiveVersion = 1;
	classes = {
	};
	objectVersion = 56;
	objects = {

/* Begin PBXBuildFile section */
		EE1E602D2C199F37001AF743 /* DateStyleExtension.swift in Sources */ = {isa = PBXBuildFile; fileRef = EE1E602C2C199F37001AF743 /* DateStyleExtension.swift */; };
		EE1E602F2C19A8F5001AF743 /* TimeStyleExtension.swift in Sources */ = {isa = PBXBuildFile; fileRef = EE1E602E2C19A8F5001AF743 /* TimeStyleExtension.swift */; };
		EE1E60312C1B3529001AF743 /* HorizontalAlignmentExtension.swift in Sources */ = {isa = PBXBuildFile; fileRef = EE1E60302C1B3529001AF743 /* HorizontalAlignmentExtension.swift */; };
		EE20D4792C116BF500A088DA /* timeApp.swift in Sources */ = {isa = PBXBuildFile; fileRef = EE20D4782C116BF500A088DA /* timeApp.swift */; };
		EE20D47B2C116BF500A088DA /* ContentView.swift in Sources */ = {isa = PBXBuildFile; fileRef = EE20D47A2C116BF500A088DA /* ContentView.swift */; };
		EE20D47D2C116BF800A088DA /* Assets.xcassets in Resources */ = {isa = PBXBuildFile; fileRef = EE20D47C2C116BF800A088DA /* Assets.xcassets */; };
		EE20D4802C116BF800A088DA /* Preview Assets.xcassets in Resources */ = {isa = PBXBuildFile; fileRef = EE20D47F2C116BF800A088DA /* Preview Assets.xcassets */; };
		EE20D48B2C116BF800A088DA /* timeTests.swift in Sources */ = {isa = PBXBuildFile; fileRef = EE20D48A2C116BF800A088DA /* timeTests.swift */; };
		EE20D4952C116BF900A088DA /* timeUITests.swift in Sources */ = {isa = PBXBuildFile; fileRef = EE20D4942C116BF900A088DA /* timeUITests.swift */; };
		EE20D4972C116BF900A088DA /* timeUITestsLaunchTests.swift in Sources */ = {isa = PBXBuildFile; fileRef = EE20D4962C116BF900A088DA /* timeUITestsLaunchTests.swift */; };
		EE86631F2C12D9070061A361 /* PreferencesView.swift in Sources */ = {isa = PBXBuildFile; fileRef = EE86631E2C12D9070061A361 /* PreferencesView.swift */; };
		EE8663252C149D920061A361 /* ColorExtension.swift in Sources */ = {isa = PBXBuildFile; fileRef = EE8663242C149D920061A361 /* ColorExtension.swift */; };
		EE8663272C188F820061A361 /* Preferences.swift in Sources */ = {isa = PBXBuildFile; fileRef = EE8663262C188F810061A361 /* Preferences.swift */; };
/* End PBXBuildFile section */

/* Begin PBXContainerItemProxy section */
		EE20D4872C116BF800A088DA /* PBXContainerItemProxy */ = {
			isa = PBXContainerItemProxy;
			containerPortal = EE20D46D2C116BF500A088DA /* Project object */;
			proxyType = 1;
			remoteGlobalIDString = EE20D4742C116BF500A088DA;
			remoteInfo = rainmeter;
		};
		EE20D4912C116BF800A088DA /* PBXContainerItemProxy */ = {
			isa = PBXContainerItemProxy;
			containerPortal = EE20D46D2C116BF500A088DA /* Project object */;
			proxyType = 1;
			remoteGlobalIDString = EE20D4742C116BF500A088DA;
			remoteInfo = rainmeter;
		};
/* End PBXContainerItemProxy section */

/* Begin PBXFileReference section */
		EE1E602C2C199F37001AF743 /* DateStyleExtension.swift */ = {isa = PBXFileReference; lastKnownFileType = sourcecode.swift; path = DateStyleExtension.swift; sourceTree = "<group>"; };
		EE1E602E2C19A8F5001AF743 /* TimeStyleExtension.swift */ = {isa = PBXFileReference; lastKnownFileType = sourcecode.swift; path = TimeStyleExtension.swift; sourceTree = "<group>"; };
		EE1E60302C1B3529001AF743 /* HorizontalAlignmentExtension.swift */ = {isa = PBXFileReference; lastKnownFileType = sourcecode.swift; path = HorizontalAlignmentExtension.swift; sourceTree = "<group>"; };
		EE20D4752C116BF500A088DA /* time.app */ = {isa = PBXFileReference; explicitFileType = wrapper.application; includeInIndex = 0; path = time.app; sourceTree = BUILT_PRODUCTS_DIR; };
		EE20D4782C116BF500A088DA /* timeApp.swift */ = {isa = PBXFileReference; lastKnownFileType = sourcecode.swift; path = timeApp.swift; sourceTree = "<group>"; };
		EE20D47A2C116BF500A088DA /* ContentView.swift */ = {isa = PBXFileReference; lastKnownFileType = sourcecode.swift; path = ContentView.swift; sourceTree = "<group>"; };
		EE20D47C2C116BF800A088DA /* Assets.xcassets */ = {isa = PBXFileReference; lastKnownFileType = folder.assetcatalog; path = Assets.xcassets; sourceTree = "<group>"; };
		EE20D47F2C116BF800A088DA /* Preview Assets.xcassets */ = {isa = PBXFileReference; lastKnownFileType = folder.assetcatalog; path = "Preview Assets.xcassets"; sourceTree = "<group>"; };
		EE20D4812C116BF800A088DA /* time.entitlements */ = {isa = PBXFileReference; lastKnownFileType = text.plist.entitlements; path = time.entitlements; sourceTree = "<group>"; };
		EE20D4862C116BF800A088DA /* timeTests.xctest */ = {isa = PBXFileReference; explicitFileType = wrapper.cfbundle; includeInIndex = 0; path = timeTests.xctest; sourceTree = BUILT_PRODUCTS_DIR; };
		EE20D48A2C116BF800A088DA /* timeTests.swift */ = {isa = PBXFileReference; lastKnownFileType = sourcecode.swift; path = timeTests.swift; sourceTree = "<group>"; };
		EE20D4902C116BF800A088DA /* timeUITests.xctest */ = {isa = PBXFileReference; explicitFileType = wrapper.cfbundle; includeInIndex = 0; path = timeUITests.xctest; sourceTree = BUILT_PRODUCTS_DIR; };
		EE20D4942C116BF900A088DA /* timeUITests.swift */ = {isa = PBXFileReference; lastKnownFileType = sourcecode.swift; path = timeUITests.swift; sourceTree = "<group>"; };
		EE20D4962C116BF900A088DA /* timeUITestsLaunchTests.swift */ = {isa = PBXFileReference; lastKnownFileType = sourcecode.swift; path = timeUITestsLaunchTests.swift; sourceTree = "<group>"; };
		EE53CCD82C26BCFA009D6409 /* README.md */ = {isa = PBXFileReference; lastKnownFileType = net.daringfireball.markdown; path = README.md; sourceTree = "<group>"; };
		EE53CCD92C26CFD7009D6409 /* showcase.png */ = {isa = PBXFileReference; lastKnownFileType = image.png; name = showcase.png; path = ../../Desktop/showcase.png; sourceTree = "<group>"; };
		EE86631E2C12D9070061A361 /* PreferencesView.swift */ = {isa = PBXFileReference; lastKnownFileType = sourcecode.swift; path = PreferencesView.swift; sourceTree = "<group>"; };
		EE8663242C149D920061A361 /* ColorExtension.swift */ = {isa = PBXFileReference; lastKnownFileType = sourcecode.swift; path = ColorExtension.swift; sourceTree = "<group>"; };
		EE8663262C188F810061A361 /* Preferences.swift */ = {isa = PBXFileReference; lastKnownFileType = sourcecode.swift; path = Preferences.swift; sourceTree = "<group>"; };
/* End PBXFileReference section */

/* Begin PBXFrameworksBuildPhase section */
		EE20D4722C116BF500A088DA /* Frameworks */ = {
			isa = PBXFrameworksBuildPhase;
			buildActionMask = 2147483647;
			files = (
			);
			runOnlyForDeploymentPostprocessing = 0;
		};
		EE20D4832C116BF800A088DA /* Frameworks */ = {
			isa = PBXFrameworksBuildPhase;
			buildActionMask = 2147483647;
			files = (
			);
			runOnlyForDeploymentPostprocessing = 0;
		};
		EE20D48D2C116BF800A088DA /* Frameworks */ = {
			isa = PBXFrameworksBuildPhase;
			buildActionMask = 2147483647;
			files = (
			);
			runOnlyForDeploymentPostprocessing = 0;
		};
/* End PBXFrameworksBuildPhase section */

/* Begin PBXGroup section */
		EE20D46C2C116BF500A088DA = {
			isa = PBXGroup;
			children = (
				EE53CCD82C26BCFA009D6409 /* README.md */,
				EE53CCD92C26CFD7009D6409 /* showcase.png */,
				EE20D4772C116BF500A088DA /* time */,
				EE20D4892C116BF800A088DA /* timeTests */,
				EE20D4932C116BF900A088DA /* timeUITests */,
				EE20D4762C116BF500A088DA /* Products */,
			);
			sourceTree = "<group>";
		};
		EE20D4762C116BF500A088DA /* Products */ = {
			isa = PBXGroup;
			children = (
				EE20D4752C116BF500A088DA /* time.app */,
				EE20D4862C116BF800A088DA /* timeTests.xctest */,
				EE20D4902C116BF800A088DA /* timeUITests.xctest */,
			);
			name = Products;
			sourceTree = "<group>";
		};
		EE20D4772C116BF500A088DA /* time */ = {
			isa = PBXGroup;
			children = (
				EE1E60302C1B3529001AF743 /* HorizontalAlignmentExtension.swift */,
				EE20D4782C116BF500A088DA /* timeApp.swift */,
				EE20D47A2C116BF500A088DA /* ContentView.swift */,
				EE20D47C2C116BF800A088DA /* Assets.xcassets */,
				EE20D4812C116BF800A088DA /* time.entitlements */,
				EE20D47E2C116BF800A088DA /* Preview Content */,
				EE86631E2C12D9070061A361 /* PreferencesView.swift */,
				EE8663242C149D920061A361 /* ColorExtension.swift */,
				EE8663262C188F810061A361 /* Preferences.swift */,
				EE1E602C2C199F37001AF743 /* DateStyleExtension.swift */,
				EE1E602E2C19A8F5001AF743 /* TimeStyleExtension.swift */,
			);
			path = time;
			sourceTree = "<group>";
		};
		EE20D47E2C116BF800A088DA /* Preview Content */ = {
			isa = PBXGroup;
			children = (
				EE20D47F2C116BF800A088DA /* Preview Assets.xcassets */,
			);
			path = "Preview Content";
			sourceTree = "<group>";
		};
		EE20D4892C116BF800A088DA /* timeTests */ = {
			isa = PBXGroup;
			children = (
				EE20D48A2C116BF800A088DA /* timeTests.swift */,
			);
			path = timeTests;
			sourceTree = "<group>";
		};
		EE20D4932C116BF900A088DA /* timeUITests */ = {
			isa = PBXGroup;
			children = (
				EE20D4942C116BF900A088DA /* timeUITests.swift */,
				EE20D4962C116BF900A088DA /* timeUITestsLaunchTests.swift */,
			);
			path = timeUITests;
			sourceTree = "<group>";
		};
/* End PBXGroup section */

/* Begin PBXNativeTarget section */
		EE20D4742C116BF500A088DA /* time */ = {
			isa = PBXNativeTarget;
			buildConfigurationList = EE20D49A2C116BF900A088DA /* Build configuration list for PBXNativeTarget "time" */;
			buildPhases = (
				EE20D4712C116BF500A088DA /* Sources */,
				EE20D4722C116BF500A088DA /* Frameworks */,
				EE20D4732C116BF500A088DA /* Resources */,
			);
			buildRules = (
			);
			dependencies = (
			);
			name = time;
			productName = rainmeter;
			productReference = EE20D4752C116BF500A088DA /* time.app */;
			productType = "com.apple.product-type.application";
		};
		EE20D4852C116BF800A088DA /* timeTests */ = {
			isa = PBXNativeTarget;
			buildConfigurationList = EE20D49D2C116BF900A088DA /* Build configuration list for PBXNativeTarget "timeTests" */;
			buildPhases = (
				EE20D4822C116BF800A088DA /* Sources */,
				EE20D4832C116BF800A088DA /* Frameworks */,
				EE20D4842C116BF800A088DA /* Resources */,
			);
			buildRules = (
			);
			dependencies = (
				EE20D4882C116BF800A088DA /* PBXTargetDependency */,
			);
			name = timeTests;
			productName = rainmeterTests;
			productReference = EE20D4862C116BF800A088DA /* timeTests.xctest */;
			productType = "com.apple.product-type.bundle.unit-test";
		};
		EE20D48F2C116BF800A088DA /* timeUITests */ = {
			isa = PBXNativeTarget;
			buildConfigurationList = EE20D4A02C116BF900A088DA /* Build configuration list for PBXNativeTarget "timeUITests" */;
			buildPhases = (
				EE20D48C2C116BF800A088DA /* Sources */,
				EE20D48D2C116BF800A088DA /* Frameworks */,
				EE20D48E2C116BF800A088DA /* Resources */,
			);
			buildRules = (
			);
			dependencies = (
				EE20D4922C116BF800A088DA /* PBXTargetDependency */,
			);
			name = timeUITests;
			productName = rainmeterUITests;
			productReference = EE20D4902C116BF800A088DA /* timeUITests.xctest */;
			productType = "com.apple.product-type.bundle.ui-testing";
		};
/* End PBXNativeTarget section */

/* Begin PBXProject section */
		EE20D46D2C116BF500A088DA /* Project object */ = {
			isa = PBXProject;
			attributes = {
				BuildIndependentTargetsInParallel = 1;
				LastSwiftUpdateCheck = 1540;
				LastUpgradeCheck = 1540;
				TargetAttributes = {
					EE20D4742C116BF500A088DA = {
						CreatedOnToolsVersion = 15.4;
					};
					EE20D4852C116BF800A088DA = {
						CreatedOnToolsVersion = 15.4;
						TestTargetID = EE20D4742C116BF500A088DA;
					};
					EE20D48F2C116BF800A088DA = {
						CreatedOnToolsVersion = 15.4;
						TestTargetID = EE20D4742C116BF500A088DA;
					};
				};
			};
			buildConfigurationList = EE20D4702C116BF500A088DA /* Build configuration list for PBXProject "time" */;
			compatibilityVersion = "Xcode 14.0";
			developmentRegion = en;
			hasScannedForEncodings = 0;
			knownRegions = (
				en,
				Base,
			);
			mainGroup = EE20D46C2C116BF500A088DA;
			productRefGroup = EE20D4762C116BF500A088DA /* Products */;
			projectDirPath = "";
			projectRoot = "";
			targets = (
				EE20D4742C116BF500A088DA /* time */,
				EE20D4852C116BF800A088DA /* timeTests */,
				EE20D48F2C116BF800A088DA /* timeUITests */,
			);
		};
/* End PBXProject section */

/* Begin PBXResourcesBuildPhase section */
		EE20D4732C116BF500A088DA /* Resources */ = {
			isa = PBXResourcesBuildPhase;
			buildActionMask = 2147483647;
			files = (
				EE20D4802C116BF800A088DA /* Preview Assets.xcassets in Resources */,
				EE20D47D2C116BF800A088DA /* Assets.xcassets in Resources */,
			);
			runOnlyForDeploymentPostprocessing = 0;
		};
		EE20D4842C116BF800A088DA /* Resources */ = {
			isa = PBXResourcesBuildPhase;
			buildActionMask = 2147483647;
			files = (
			);
			runOnlyForDeploymentPostprocessing = 0;
		};
		EE20D48E2C116BF800A088DA /* Resources */ = {
			isa = PBXResourcesBuildPhase;
			buildActionMask = 2147483647;
			files = (
			);
			runOnlyForDeploymentPostprocessing = 0;
		};
/* End PBXResourcesBuildPhase section */

/* Begin PBXSourcesBuildPhase section */
		EE20D4712C116BF500A088DA /* Sources */ = {
			isa = PBXSourcesBuildPhase;
			buildActionMask = 2147483647;
			files = (
				EE86631F2C12D9070061A361 /* PreferencesView.swift in Sources */,
				EE20D47B2C116BF500A088DA /* ContentView.swift in Sources */,
				EE8663272C188F820061A361 /* Preferences.swift in Sources */,
				EE1E602D2C199F37001AF743 /* DateStyleExtension.swift in Sources */,
				EE8663252C149D920061A361 /* ColorExtension.swift in Sources */,
				EE1E602F2C19A8F5001AF743 /* TimeStyleExtension.swift in Sources */,
				EE20D4792C116BF500A088DA /* timeApp.swift in Sources */,
				EE1E60312C1B3529001AF743 /* HorizontalAlignmentExtension.swift in Sources */,
			);
			runOnlyForDeploymentPostprocessing = 0;
		};
		EE20D4822C116BF800A088DA /* Sources */ = {
			isa = PBXSourcesBuildPhase;
			buildActionMask = 2147483647;
			files = (
				EE20D48B2C116BF800A088DA /* timeTests.swift in Sources */,
			);
			runOnlyForDeploymentPostprocessing = 0;
		};
		EE20D48C2C116BF800A088DA /* Sources */ = {
			isa = PBXSourcesBuildPhase;
			buildActionMask = 2147483647;
			files = (
				EE20D4972C116BF900A088DA /* timeUITestsLaunchTests.swift in Sources */,
				EE20D4952C116BF900A088DA /* timeUITests.swift in Sources */,
			);
			runOnlyForDeploymentPostprocessing = 0;
		};
/* End PBXSourcesBuildPhase section */

/* Begin PBXTargetDependency section */
		EE20D4882C116BF800A088DA /* PBXTargetDependency */ = {
			isa = PBXTargetDependency;
			target = EE20D4742C116BF500A088DA /* time */;
			targetProxy = EE20D4872C116BF800A088DA /* PBXContainerItemProxy */;
		};
		EE20D4922C116BF800A088DA /* PBXTargetDependency */ = {
			isa = PBXTargetDependency;
			target = EE20D4742C116BF500A088DA /* time */;
			targetProxy = EE20D4912C116BF800A088DA /* PBXContainerItemProxy */;
		};
/* End PBXTargetDependency section */

/* Begin XCBuildConfiguration section */
		EE20D4982C116BF900A088DA /* Debug */ = {
			isa = XCBuildConfiguration;
			buildSettings = {
				ALWAYS_SEARCH_USER_PATHS = NO;
				ASSETCATALOG_COMPILER_GENERATE_SWIFT_ASSET_SYMBOL_EXTENSIONS = YES;
				CLANG_ANALYZER_NONNULL = YES;
				CLANG_ANALYZER_NUMBER_OBJECT_CONVERSION = YES_AGGRESSIVE;
				CLANG_CXX_LANGUAGE_STANDARD = "gnu++20";
				CLANG_ENABLE_MODULES = YES;
				CLANG_ENABLE_OBJC_ARC = YES;
				CLANG_ENABLE_OBJC_WEAK = YES;
				CLANG_WARN_BLOCK_CAPTURE_AUTORELEASING = YES;
				CLANG_WARN_BOOL_CONVERSION = YES;
				CLANG_WARN_COMMA = YES;
				CLANG_WARN_CONSTANT_CONVERSION = YES;
				CLANG_WARN_DEPRECATED_OBJC_IMPLEMENTATIONS = YES;
				CLANG_WARN_DIRECT_OBJC_ISA_USAGE = YES_ERROR;
				CLANG_WARN_DOCUMENTATION_COMMENTS = YES;
				CLANG_WARN_EMPTY_BODY = YES;
				CLANG_WARN_ENUM_CONVERSION = YES;
				CLANG_WARN_INFINITE_RECURSION = YES;
				CLANG_WARN_INT_CONVERSION = YES;
				CLANG_WARN_NON_LITERAL_NULL_CONVERSION = YES;
				CLANG_WARN_OBJC_IMPLICIT_RETAIN_SELF = YES;
				CLANG_WARN_OBJC_LITERAL_CONVERSION = YES;
				CLANG_WARN_OBJC_ROOT_CLASS = YES_ERROR;
				CLANG_WARN_QUOTED_INCLUDE_IN_FRAMEWORK_HEADER = YES;
				CLANG_WARN_RANGE_LOOP_ANALYSIS = YES;
				CLANG_WARN_STRICT_PROTOTYPES = YES;
				CLANG_WARN_SUSPICIOUS_MOVE = YES;
				CLANG_WARN_UNGUARDED_AVAILABILITY = YES_AGGRESSIVE;
				CLANG_WARN_UNREACHABLE_CODE = YES;
				CLANG_WARN__DUPLICATE_METHOD_MATCH = YES;
				COPY_PHASE_STRIP = NO;
				DEBUG_INFORMATION_FORMAT = dwarf;
				ENABLE_STRICT_OBJC_MSGSEND = YES;
				ENABLE_TESTABILITY = YES;
				ENABLE_USER_SCRIPT_SANDBOXING = YES;
				GCC_C_LANGUAGE_STANDARD = gnu17;
				GCC_DYNAMIC_NO_PIC = NO;
				GCC_NO_COMMON_BLOCKS = YES;
				GCC_OPTIMIZATION_LEVEL = 0;
				GCC_PREPROCESSOR_DEFINITIONS = (
					"DEBUG=1",
					"$(inherited)",
				);
				GCC_WARN_64_TO_32_BIT_CONVERSION = YES;
				GCC_WARN_ABOUT_RETURN_TYPE = YES_ERROR;
				GCC_WARN_UNDECLARED_SELECTOR = YES;
				GCC_WARN_UNINITIALIZED_AUTOS = YES_AGGRESSIVE;
				GCC_WARN_UNUSED_FUNCTION = YES;
				GCC_WARN_UNUSED_VARIABLE = YES;
				LOCALIZATION_PREFERS_STRING_CATALOGS = YES;
				MACOSX_DEPLOYMENT_TARGET = 14.5;
				MTL_ENABLE_DEBUG_INFO = INCLUDE_SOURCE;
				MTL_FAST_MATH = YES;
				ONLY_ACTIVE_ARCH = YES;
				SDKROOT = macosx;
				SWIFT_ACTIVE_COMPILATION_CONDITIONS = "DEBUG $(inherited)";
				SWIFT_OPTIMIZATION_LEVEL = "-Onone";
			};
			name = Debug;
		};
		EE20D4992C116BF900A088DA /* Release */ = {
			isa = XCBuildConfiguration;
			buildSettings = {
				ALWAYS_SEARCH_USER_PATHS = NO;
				ASSETCATALOG_COMPILER_GENERATE_SWIFT_ASSET_SYMBOL_EXTENSIONS = YES;
				CLANG_ANALYZER_NONNULL = YES;
				CLANG_ANALYZER_NUMBER_OBJECT_CONVERSION = YES_AGGRESSIVE;
				CLANG_CXX_LANGUAGE_STANDARD = "gnu++20";
				CLANG_ENABLE_MODULES = YES;
				CLANG_ENABLE_OBJC_ARC = YES;
				CLANG_ENABLE_OBJC_WEAK = YES;
				CLANG_WARN_BLOCK_CAPTURE_AUTORELEASING = YES;
				CLANG_WARN_BOOL_CONVERSION = YES;
				CLANG_WARN_COMMA = YES;
				CLANG_WARN_CONSTANT_CONVERSION = YES;
				CLANG_WARN_DEPRECATED_OBJC_IMPLEMENTATIONS = YES;
				CLANG_WARN_DIRECT_OBJC_ISA_USAGE = YES_ERROR;
				CLANG_WARN_DOCUMENTATION_COMMENTS = YES;
				CLANG_WARN_EMPTY_BODY = YES;
				CLANG_WARN_ENUM_CONVERSION = YES;
				CLANG_WARN_INFINITE_RECURSION = YES;
				CLANG_WARN_INT_CONVERSION = YES;
				CLANG_WARN_NON_LITERAL_NULL_CONVERSION = YES;
				CLANG_WARN_OBJC_IMPLICIT_RETAIN_SELF = YES;
				CLANG_WARN_OBJC_LITERAL_CONVERSION = YES;
				CLANG_WARN_OBJC_ROOT_CLASS = YES_ERROR;
				CLANG_WARN_QUOTED_INCLUDE_IN_FRAMEWORK_HEADER = YES;
				CLANG_WARN_RANGE_LOOP_ANALYSIS = YES;
				CLANG_WARN_STRICT_PROTOTYPES = YES;
				CLANG_WARN_SUSPICIOUS_MOVE = YES;
				CLANG_WARN_UNGUARDED_AVAILABILITY = YES_AGGRESSIVE;
				CLANG_WARN_UNREACHABLE_CODE = YES;
				CLANG_WARN__DUPLICATE_METHOD_MATCH = YES;
				COPY_PHASE_STRIP = NO;
				DEBUG_INFORMATION_FORMAT = "dwarf-with-dsym";
				ENABLE_NS_ASSERTIONS = NO;
				ENABLE_STRICT_OBJC_MSGSEND = YES;
				ENABLE_USER_SCRIPT_SANDBOXING = YES;
				GCC_C_LANGUAGE_STANDARD = gnu17;
				GCC_NO_COMMON_BLOCKS = YES;
				GCC_WARN_64_TO_32_BIT_CONVERSION = YES;
				GCC_WARN_ABOUT_RETURN_TYPE = YES_ERROR;
				GCC_WARN_UNDECLARED_SELECTOR = YES;
				GCC_WARN_UNINITIALIZED_AUTOS = YES_AGGRESSIVE;
				GCC_WARN_UNUSED_FUNCTION = YES;
				GCC_WARN_UNUSED_VARIABLE = YES;
				LOCALIZATION_PREFERS_STRING_CATALOGS = YES;
				MACOSX_DEPLOYMENT_TARGET = 14.5;
				MTL_ENABLE_DEBUG_INFO = NO;
				MTL_FAST_MATH = YES;
				SDKROOT = macosx;
				SWIFT_COMPILATION_MODE = wholemodule;
			};
			name = Release;
		};
		EE20D49B2C116BF900A088DA /* Debug */ = {
			isa = XCBuildConfiguration;
			buildSettings = {
				ASSETCATALOG_COMPILER_APPICON_NAME = AppIcon;
				ASSETCATALOG_COMPILER_GLOBAL_ACCENT_COLOR_NAME = AccentColor;
				CODE_SIGN_ENTITLEMENTS = time/time.entitlements;
				CODE_SIGN_STYLE = Automatic;
				COMBINE_HIDPI_IMAGES = YES;
				CURRENT_PROJECT_VERSION = 1;
				DEVELOPMENT_ASSET_PATHS = "\"time/Preview Content\"";
				DEVELOPMENT_TEAM = W62P39PJ3J;
				ENABLE_HARDENED_RUNTIME = YES;
				ENABLE_PREVIEWS = YES;
				GENERATE_INFOPLIST_FILE = YES;
				INFOPLIST_KEY_LSUIElement = YES;
				INFOPLIST_KEY_NSHumanReadableCopyright = "";
				LD_RUNPATH_SEARCH_PATHS = (
					"$(inherited)",
					"@executable_path/../Frameworks",
				);
				MARKETING_VERSION = 1.0;
				PRODUCT_BUNDLE_IDENTIFIER = com.kynsonszetau.time;
				PRODUCT_NAME = "$(TARGET_NAME)";
				SWIFT_EMIT_LOC_STRINGS = YES;
				SWIFT_VERSION = 5.0;
			};
			name = Debug;
		};
		EE20D49C2C116BF900A088DA /* Release */ = {
			isa = XCBuildConfiguration;
			buildSettings = {
				ASSETCATALOG_COMPILER_APPICON_NAME = AppIcon;
				ASSETCATALOG_COMPILER_GLOBAL_ACCENT_COLOR_NAME = AccentColor;
				CODE_SIGN_ENTITLEMENTS = time/time.entitlements;
				CODE_SIGN_STYLE = Automatic;
				COMBINE_HIDPI_IMAGES = YES;
				CURRENT_PROJECT_VERSION = 1;
				DEVELOPMENT_ASSET_PATHS = "\"time/Preview Content\"";
				DEVELOPMENT_TEAM = W62P39PJ3J;
				ENABLE_HARDENED_RUNTIME = YES;
				ENABLE_PREVIEWS = YES;
				GENERATE_INFOPLIST_FILE = YES;
				INFOPLIST_KEY_LSUIElement = YES;
				INFOPLIST_KEY_NSHumanReadableCopyright = "";
				LD_RUNPATH_SEARCH_PATHS = (
					"$(inherited)",
					"@executable_path/../Frameworks",
				);
				MARKETING_VERSION = 1.0;
				PRODUCT_BUNDLE_IDENTIFIER = com.kynsonszetau.time;
				PRODUCT_NAME = "$(TARGET_NAME)";
				SWIFT_EMIT_LOC_STRINGS = YES;
				SWIFT_VERSION = 5.0;
			};
			name = Release;
		};
		EE20D49E2C116BF900A088DA /* Debug */ = {
			isa = XCBuildConfiguration;
			buildSettings = {
				ALWAYS_EMBED_SWIFT_STANDARD_LIBRARIES = YES;
				BUNDLE_LOADER = "$(TEST_HOST)";
				CODE_SIGN_STYLE = Automatic;
				CURRENT_PROJECT_VERSION = 1;
				DEVELOPMENT_TEAM = W62P39PJ3J;
				GENERATE_INFOPLIST_FILE = YES;
				MACOSX_DEPLOYMENT_TARGET = 14.5;
				MARKETING_VERSION = 1.0;
				PRODUCT_BUNDLE_IDENTIFIER = com.kynsonszetau.rainmeterTests;
				PRODUCT_NAME = "$(TARGET_NAME)";
				SWIFT_EMIT_LOC_STRINGS = NO;
				SWIFT_VERSION = 5.0;
				TEST_HOST = "$(BUILT_PRODUCTS_DIR)/time.app/$(BUNDLE_EXECUTABLE_FOLDER_PATH)/time";
			};
			name = Debug;
		};
		EE20D49F2C116BF900A088DA /* Release */ = {
			isa = XCBuildConfiguration;
			buildSettings = {
				ALWAYS_EMBED_SWIFT_STANDARD_LIBRARIES = YES;
				BUNDLE_LOADER = "$(TEST_HOST)";
				CODE_SIGN_STYLE = Automatic;
				CURRENT_PROJECT_VERSION = 1;
				DEVELOPMENT_TEAM = W62P39PJ3J;
				GENERATE_INFOPLIST_FILE = YES;
				MACOSX_DEPLOYMENT_TARGET = 14.5;
				MARKETING_VERSION = 1.0;
				PRODUCT_BUNDLE_IDENTIFIER = com.kynsonszetau.rainmeterTests;
				PRODUCT_NAME = "$(TARGET_NAME)";
				SWIFT_EMIT_LOC_STRINGS = NO;
				SWIFT_VERSION = 5.0;
				TEST_HOST = "$(BUILT_PRODUCTS_DIR)/time.app/$(BUNDLE_EXECUTABLE_FOLDER_PATH)/time";
			};
			name = Release;
		};
		EE20D4A12C116BF900A088DA /* Debug */ = {
			isa = XCBuildConfiguration;
			buildSettings = {
				ALWAYS_EMBED_SWIFT_STANDARD_LIBRARIES = YES;
				CODE_SIGN_STYLE = Automatic;
				CURRENT_PROJECT_VERSION = 1;
				DEVELOPMENT_TEAM = W62P39PJ3J;
				GENERATE_INFOPLIST_FILE = YES;
				MARKETING_VERSION = 1.0;
				PRODUCT_BUNDLE_IDENTIFIER = com.kynsonszetau.rainmeterUITests;
				PRODUCT_NAME = "$(TARGET_NAME)";
				SWIFT_EMIT_LOC_STRINGS = NO;
				SWIFT_VERSION = 5.0;
				TEST_TARGET_NAME = rainmeter;
			};
			name = Debug;
		};
		EE20D4A22C116BF900A088DA /* Release */ = {
			isa = XCBuildConfiguration;
			buildSettings = {
				ALWAYS_EMBED_SWIFT_STANDARD_LIBRARIES = YES;
				CODE_SIGN_STYLE = Automatic;
				CURRENT_PROJECT_VERSION = 1;
				DEVELOPMENT_TEAM = W62P39PJ3J;
				GENERATE_INFOPLIST_FILE = YES;
				MARKETING_VERSION = 1.0;
				PRODUCT_BUNDLE_IDENTIFIER = com.kynsonszetau.rainmeterUITests;
				PRODUCT_NAME = "$(TARGET_NAME)";
				SWIFT_EMIT_LOC_STRINGS = NO;
				SWIFT_VERSION = 5.0;
				TEST_TARGET_NAME = rainmeter;
			};
			name = Release;
		};
/* End XCBuildConfiguration section */

/* Begin XCConfigurationList section */
		EE20D4702C116BF500A088DA /* Build configuration list for PBXProject "time" */ = {
			isa = XCConfigurationList;
			buildConfigurations = (
				EE20D4982C116BF900A088DA /* Debug */,
				EE20D4992C116BF900A088DA /* Release */,
			);
			defaultConfigurationIsVisible = 0;
			defaultConfigurationName = Release;
		};
		EE20D49A2C116BF900A088DA /* Build configuration list for PBXNativeTarget "time" */ = {
			isa = XCConfigurationList;
			buildConfigurations = (
				EE20D49B2C116BF900A088DA /* Debug */,
				EE20D49C2C116BF900A088DA /* Release */,
			);
			defaultConfigurationIsVisible = 0;
			defaultConfigurationName = Release;
		};
		EE20D49D2C116BF900A088DA /* Build configuration list for PBXNativeTarget "timeTests" */ = {
			isa = XCConfigurationList;
			buildConfigurations = (
				EE20D49E2C116BF900A088DA /* Debug */,
				EE20D49F2C116BF900A088DA /* Release */,
			);
			defaultConfigurationIsVisible = 0;
			defaultConfigurationName = Release;
		};
		EE20D4A02C116BF900A088DA /* Build configuration list for PBXNativeTarget "timeUITests" */ = {
			isa = XCConfigurationList;
			buildConfigurations = (
				EE20D4A12C116BF900A088DA /* Debug */,
				EE20D4A22C116BF900A088DA /* Release */,
			);
			defaultConfigurationIsVisible = 0;
			defaultConfigurationName = Release;
		};
/* End XCConfigurationList section */
	};
	rootObject = EE20D46D2C116BF500A088DA /* Project object */;
}
